using System;

namespace DelTry2
{
        class Program
        {
            static void Main(string[] args)
            {
                string headsOrTailsGuess;
                int numberOfFlips;
                int correctCount;


                Console.WriteLine("Guess which will have more: heads or tails?");
                headsOrTailsGuess = Console.ReadLine();

                Console.WriteLine("How many times shall we flip a coin?");
                string input = Console.ReadLine();
                numberOfFlips = int.Parse(input);

                Random rand = new Random();
                int n = rand.Next(1);

            for (int i = n; i < numberOfFlips; i++)
            {
                if (i == 1)
                {
                    Console.WriteLine("heads");
                    if (headsOrTailsGuess=="heads")
                    {correctCount
                            //how do you add 1 to an int variable in C#

                    }
                }
                else
                {
                    Console.WriteLine("tails");

                }
            }


                Console.WriteLine("Your guess"); 
                Console.Write(headsOrTailsGuess);
                Console.Write("came up");
                Console.Write(correctCount);
                Console.Write("Percentage Correct is:");
                Console.Write(correctCount/numberOfFlips);




        }





        }
    }
